
Microsoft Visual Studio Solution File, Format Version 12.00
# Visual Studio Version 17
VisualStudioVersion = 17.11.35327.3
MinimumVisualStudioVersion = 10.0.40219.1
Project("{FAE04EC0-301F-11D3-BF4B-00C04F79EFBC}") = "CurrentTimeProject", "CurrentTimeProject.csproj", "{BBE2A591-6401-4F94-9E79-3FC6A6F9E3A9}"
EndProject
Global
	GlobalSection(SolutionConfigurationPlatforms) = preSolution
		Debug|Any CPU = Debug|Any CPU
		Release|Any CPU = Release|Any CPU
	EndGlobalSection
	GlobalSection(ProjectConfigurationPlatforms) = postSolution
		{BBE2A591-6401-4F94-9E79-3FC6A6F9E3A9}.Debug|Any CPU.ActiveCfg = Debug|Any CPU
		{BBE2A591-6401-4F94-9E79-3FC6A6F9E3A9}.Debug|Any CPU.Build.0 = Debug|Any CPU
		{BBE2A591-6401-4F94-9E79-3FC6A6F9E3A9}.Release|Any CPU.ActiveCfg = Release|Any CPU
		{BBE2A591-6401-4F94-9E79-3FC6A6F9E3A9}.Release|Any CPU.Build.0 = Release|Any CPU
	EndGlobalSection
	GlobalSection(SolutionProperties) = preSolution
		HideSolutionNode = FALSE
	EndGlobalSection
	GlobalSection(ExtensibilityGlobals) = postSolution
		SolutionGuid = {A6DD876B-011B-472E-8029-F562A0533F16}
	EndGlobalSection
EndGlobal
